// !$*UTF8*$!
{
	archiveVersion = 1;
	classes = {
	};
	objectVersion = 50;
	objects = {

/* Begin PBXBuildFile section */
		C85BC72F24DA62D200D87CDD /* AppDelegate.swift in Sources */ = {isa = PBXBuildFile; fileRef = C85BC72E24DA62D200D87CDD /* AppDelegate.swift */; };
		C85BC73124DA62D200D87CDD /* SceneDelegate.swift in Sources */ = {isa = PBXBuildFile; fileRef = C85BC73024DA62D200D87CDD /* SceneDelegate.swift */; };
		C85BC73324DA62D200D87CDD /* ViewController.swift in Sources */ = {isa = PBXBuildFile; fileRef = C85BC73224DA62D200D87CDD /* ViewController.swift */; };
		C85BC73624DA62D200D87CDD /* Main.storyboard in Resources */ = {isa = PBXBuildFile; fileRef = C85BC73424DA62D200D87CDD /* Main.storyboard */; };
		C85BC73824DA62D300D87CDD /* Assets.xcassets in Resources */ = {isa = PBXBuildFile; fileRef = C85BC73724DA62D300D87CDD /* Assets.xcassets */; };
		C85BC73B24DA62D300D87CDD /* LaunchScreen.storyboard in Resources */ = {isa = PBXBuildFile; fileRef = C85BC73924DA62D300D87CDD /* LaunchScreen.storyboard */; };
/* End PBXBuildFile section */

/* Begin PBXFileReference section */
		C85BC72B24DA62D200D87CDD /* Corona Now.app */ = {isa = PBXFileReference; explicitFileType = wrapper.application; includeInIndex = 0; path = "Corona Now.app"; sourceTree = BUILT_PRODUCTS_DIR; };
		C85BC72E24DA62D200D87CDD /* AppDelegate.swift */ = {isa = PBXFileReference; lastKnownFileType = sourcecode.swift; path = AppDelegate.swift; sourceTree = "<group>"; };
		C85BC73024DA62D200D87CDD /* SceneDelegate.swift */ = {isa = PBXFileReference; lastKnownFileType = sourcecode.swift; path = SceneDelegate.swift; sourceTree = "<group>"; };
		C85BC73224DA62D200D87CDD /* ViewController.swift */ = {isa = PBXFileReference; lastKnownFileType = sourcecode.swift; path = ViewController.swift; sourceTree = "<group>"; };
		C85BC73524DA62D200D87CDD /* Base */ = {isa = PBXFileReference; lastKnownFileType = file.storyboard; name = Base; path = Base.lproj/Main.storyboard; sourceTree = "<group>"; };
		C85BC73724DA62D300D87CDD /* Assets.xcassets */ = {isa = PBXFileReference; lastKnownFileType = folder.assetcatalog; path = Assets.xcassets; sourceTree = "<group>"; };
		C85BC73A24DA62D300D87CDD /* Base */ = {isa = PBXFileReference; lastKnownFileType = file.storyboard; name = Base; path = Base.lproj/LaunchScreen.storyboard; sourceTree = "<group>"; };
		C85BC73C24DA62D300D87CDD /* Info.plist */ = {isa = PBXFileReference; lastKnownFileType = text.plist.xml; path = Info.plist; sourceTree = "<group>"; };
/* End PBXFileReference section */

/* Begin PBXFrameworksBuildPhase section */
		C85BC72824DA62D200D87CDD /* Frameworks */ = {
			isa = PBXFrameworksBuildPhase;
			buildActionMask = 2147483647;
			files = (
			);
			runOnlyForDeploymentPostprocessing = 0;
		};
/* End PBXFrameworksBuildPhase section */

/* Begin PBXGroup section */
		C85BC72224DA62D200D87CDD = {
			isa = PBXGroup;
			children = (
				C85BC72D24DA62D200D87CDD /* Corona Now */,
				C85BC72C24DA62D200D87CDD /* Products */,
			);
			sourceTree = "<group>";
		};
		C85BC72C24DA62D200D87CDD /* Products */ = {
			isa = PBXGroup;
			children = (
				C85BC72B24DA62D200D87CDD /* Corona Now.app */,
			);
			name = Products;
			sourceTree = "<group>";
		};
		C85BC72D24DA62D200D87CDD /* Corona Now */ = {
			isa = PBXGroup;
			children = (
				C85BC72E24DA62D200D87CDD /* AppDelegate.swift */,
				C85BC73024DA62D200D87CDD /* SceneDelegate.swift */,
				C85BC74524DA636400D87CDD /* Model */,
				C85BC74224DA633100D87CDD /* View */,
				C85BC74324DA634800D87CDD /* Controller */,
				C85BC73724DA62D300D87CDD /* Assets.xcassets */,
				C85BC73924DA62D300D87CDD /* LaunchScreen.storyboard */,
				C85BC73C24DA62D300D87CDD /* Info.plist */,
			);
			path = "Corona Now";
			sourceTree = "<group>";
		};
		C85BC74224DA633100D87CDD /* View */ = {
			isa = PBXGroup;
			children = (
				C85BC73424DA62D200D87CDD /* Main.storyboard */,
			);
			path = View;
			sourceTree = "<group>";
		};
		C85BC74324DA634800D87CDD /* Controller */ = {
			isa = PBXGroup;
			children = (
				C85BC73224DA62D200D87CDD /* ViewController.swift */,
			);
			path = Controller;
			sourceTree = "<group>";
		};
		C85BC74524DA636400D87CDD /* Model */ = {
			isa = PBXGroup;
			children = (
			);
			path = Model;
			sourceTree = "<group>";
		};
/* End PBXGroup section */

/* Begin PBXNativeTarget section */
		C85BC72A24DA62D200D87CDD /* Corona Now */ = {
			isa = PBXNativeTarget;
			buildConfigurationList = C85BC73F24DA62D300D87CDD /* Build configuration list for PBXNativeTarget "Corona Now" */;
			buildPhases = (
				C85BC72724DA62D200D87CDD /* Sources */,
				C85BC72824DA62D200D87CDD /* Frameworks */,
				C85BC72924DA62D200D87CDD /* Resources */,
			);
			buildRules = (
			);
			dependencies = (
			);
			name = "Corona Now";
			productName = "Corona Now";
			productReference = C85BC72B24DA62D200D87CDD /* Corona Now.app */;
			productType = "com.apple.product-type.application";
		};
/* End PBXNativeTarget section */

/* Begin PBXProject section */
		C85BC72324DA62D200D87CDD /* Project object */ = {
			isa = PBXProject;
			attributes = {
				LastSwiftUpdateCheck = 1150;
				LastUpgradeCheck = 1150;
				ORGANIZATIONNAME = "Miguel Moya";
				TargetAttributes = {
					C85BC72A24DA62D200D87CDD = {
						CreatedOnToolsVersion = 11.5;
					};
				};
			};
			buildConfigurationList = C85BC72624DA62D200D87CDD /* Build configuration list for PBXProject "Corona Now" */;
			compatibilityVersion = "Xcode 9.3";
			developmentRegion = en;
			hasScannedForEncodings = 0;
			knownRegions = (
				en,
				Base,
			);
			mainGroup = C85BC72224DA62D200D87CDD;
			productRefGroup = C85BC72C24DA62D200D87CDD /* Products */;
			projectDirPath = "";
			projectRoot = "";
			targets = (
				C85BC72A24DA62D200D87CDD /* Corona Now */,
			);
		};
/* End PBXProject section */

/* Begin PBXResourcesBuildPhase section */
		C85BC72924DA62D200D87CDD /* Resources */ = {
			isa = PBXResourcesBuildPhase;
			buildActionMask = 2147483647;
			files = (
				C85BC73B24DA62D300D87CDD /* LaunchScreen.storyboard in Resources */,
				C85BC73824DA62D300D87CDD /* Assets.xcassets in Resources */,
				C85BC73624DA62D200D87CDD /* Main.storyboard in Resources */,
			);
			runOnlyForDeploymentPostprocessing = 0;
		};
/* End PBXResourcesBuildPhase section */

/* Begin PBXSourcesBuildPhase section */
		C85BC72724DA62D200D87CDD /* Sources */ = {
			isa = PBXSourcesBuildPhase;
			buildActionMask = 2147483647;
			files = (
				C85BC73324DA62D200D87CDD /* ViewController.swift in Sources */,
				C85BC72F24DA62D200D87CDD /* AppDelegate.swift in Sources */,
				C85BC73124DA62D200D87CDD /* SceneDelegate.swift in Sources */,
			);
			runOnlyForDeploymentPostprocessing = 0;
		};
/* End PBXSourcesBuildPhase section */

/* Begin PBXVariantGroup section */
		C85BC73424DA62D200D87CDD /* Main.storyboard */ = {
			isa = PBXVariantGroup;
			children = (
				C85BC73524DA62D200D87CDD /* Base */,
			);
			name = Main.storyboard;
			sourceTree = "<group>";
		};
		C85BC73924DA62D300D87CDD /* LaunchScreen.storyboard */ = {
			isa = PBXVariantGroup;
			children = (
				C85BC73A24DA62D300D87CDD /* Base */,
			);
			name = LaunchScreen.storyboard;
			sourceTree = "<group>";
		};
/* End PBXVariantGroup section */

/* Begin XCBuildConfiguration section */
		C85BC73D24DA62D300D87CDD /* Debug */ = {
			isa = XCBuildConfiguration;
			buildSettings = {
				ALWAYS_SEARCH_USER_PATHS = NO;
				CLANG_ANALYZER_NONNULL = YES;
				CLANG_ANALYZER_NUMBER_OBJECT_CONVERSION = YES_AGGRESSIVE;
				CLANG_CXX_LANGUAGE_STANDARD = "gnu++14";
				CLANG_CXX_LIBRARY = "libc++";
				CLANG_ENABLE_MODULES = YES;
				CLANG_ENABLE_OBJC_ARC = YES;
				CLANG_ENABLE_OBJC_WEAK = YES;
				CLANG_WARN_BLOCK_CAPTURE_AUTORELEASING = YES;
				CLANG_WARN_BOOL_CONVERSION = YES;
				CLANG_WARN_COMMA = YES;
				CLANG_WARN_CONSTANT_CONVERSION = YES;
				CLANG_WARN_DEPRECATED_OBJC_IMPLEMENTATIONS = YES;
				CLANG_WARN_DIRECT_OBJC_ISA_USAGE = YES_ERROR;
				CLANG_WARN_DOCUMENTATION_COMMENTS = YES;
				CLANG_WARN_EMPTY_BODY = YES;
				CLANG_WARN_ENUM_CONVERSION = YES;
				CLANG_WARN_INFINITE_RECURSION = YES;
				CLANG_WARN_INT_CONVERSION = YES;
				CLANG_WARN_NON_LITERAL_NULL_CONVERSION = YES;
				CLANG_WARN_OBJC_IMPLICIT_RETAIN_SELF = YES;
				CLANG_WARN_OBJC_LITERAL_CONVERSION = YES;
				CLANG_WARN_OBJC_ROOT_CLASS = YES_ERROR;
				CLANG_WARN_RANGE_LOOP_ANALYSIS = YES;
				CLANG_WARN_STRICT_PROTOTYPES = YES;
				CLANG_WARN_SUSPICIOUS_MOVE = YES;
				CLANG_WARN_UNGUARDED_AVAILABILITY = YES_AGGRESSIVE;
				CLANG_WARN_UNREACHABLE_CODE = YES;
				CLANG_WARN__DUPLICATE_METHOD_MATCH = YES;
				COPY_PHASE_STRIP = NO;
				DEBUG_INFORMATION_FORMAT = dwarf;
				ENABLE_STRICT_OBJC_MSGSEND = YES;
				ENABLE_TESTABILITY = YES;
				GCC_C_LANGUAGE_STANDARD = gnu11;
				GCC_DYNAMIC_NO_PIC = NO;
				GCC_NO_COMMON_BLOCKS = YES;
				GCC_OPTIMIZATION_LEVEL = 0;
				GCC_PREPROCESSOR_DEFINITIONS = (
					"DEBUG=1",
					"$(inherited)",
				);
				GCC_WARN_64_TO_32_BIT_CONVERSION = YES;
				GCC_WARN_ABOUT_RETURN_TYPE = YES_ERROR;
				GCC_WARN_UNDECLARED_SELECTOR = YES;
				GCC_WARN_UNINITIALIZED_AUTOS = YES_AGGRESSIVE;
				GCC_WARN_UNUSED_FUNCTION = YES;
				GCC_WARN_UNUSED_VARIABLE = YES;
				IPHONEOS_DEPLOYMENT_TARGET = 13.5;
				MTL_ENABLE_DEBUG_INFO = INCLUDE_SOURCE;
				MTL_FAST_MATH = YES;
				ONLY_ACTIVE_ARCH = YES;
				SDKROOT = iphoneos;
				SWIFT_ACTIVE_COMPILATION_CONDITIONS = DEBUG;
				SWIFT_OPTIMIZATION_LEVEL = "-Onone";
			};
			name = Debug;
		};
		C85BC73E24DA62D300D87CDD /* Release */ = {
			isa = XCBuildConfiguration;
			buildSettings = {
				ALWAYS_SEARCH_USER_PATHS = NO;
				CLANG_ANALYZER_NONNULL = YES;
				CLANG_ANALYZER_NUMBER_OBJECT_CONVERSION = YES_AGGRESSIVE;
				CLANG_CXX_LANGUAGE_STANDARD = "gnu++14";
				CLANG_CXX_LIBRARY = "libc++";
				CLANG_ENABLE_MODULES = YES;
				CLANG_ENABLE_OBJC_ARC = YES;
				CLANG_ENABLE_OBJC_WEAK = YES;
				CLANG_WARN_BLOCK_CAPTURE_AUTORELEASING = YES;
				CLANG_WARN_BOOL_CONVERSION = YES;
				CLANG_WARN_COMMA = YES;
				CLANG_WARN_CONSTANT_CONVERSION = YES;
				CLANG_WARN_DEPRECATED_OBJC_IMPLEMENTATIONS = YES;
				CLANG_WARN_DIRECT_OBJC_ISA_USAGE = YES_ERROR;
				CLANG_WARN_DOCUMENTATION_COMMENTS = YES;
				CLANG_WARN_EMPTY_BODY = YES;
				CLANG_WARN_ENUM_CONVERSION = YES;
				CLANG_WARN_INFINITE_RECURSION = YES;
				CLANG_WARN_INT_CONVERSION = YES;
				CLANG_WARN_NON_LITERAL_NULL_CONVERSION = YES;
				CLANG_WARN_OBJC_IMPLICIT_RETAIN_SELF = YES;
				CLANG_WARN_OBJC_LITERAL_CONVERSION = YES;
				CLANG_WARN_OBJC_ROOT_CLASS = YES_ERROR;
				CLANG_WARN_RANGE_LOOP_ANALYSIS = YES;
				CLANG_WARN_STRICT_PROTOTYPES = YES;
				CLANG_WARN_SUSPICIOUS_MOVE = YES;
				CLANG_WARN_UNGUARDED_AVAILABILITY = YES_AGGRESSIVE;
				CLANG_WARN_UNREACHABLE_CODE = YES;
				CLANG_WARN__DUPLICATE_METHOD_MATCH = YES;
				COPY_PHASE_STRIP = NO;
				DEBUG_INFORMATION_FORMAT = "dwarf-with-dsym";
				ENABLE_NS_ASSERTIONS = NO;
				ENABLE_STRICT_OBJC_MSGSEND = YES;
				GCC_C_LANGUAGE_STANDARD = gnu11;
				GCC_NO_COMMON_BLOCKS = YES;
				GCC_WARN_64_TO_32_BIT_CONVERSION = YES;
				GCC_WARN_ABOUT_RETURN_TYPE = YES_ERROR;
				GCC_WARN_UNDECLARED_SELECTOR = YES;
				GCC_WARN_UNINITIALIZED_AUTOS = YES_AGGRESSIVE;
				GCC_WARN_UNUSED_FUNCTION = YES;
				GCC_WARN_UNUSED_VARIABLE = YES;
				IPHONEOS_DEPLOYMENT_TARGET = 13.5;
				MTL_ENABLE_DEBUG_INFO = NO;
				MTL_FAST_MATH = YES;
				SDKROOT = iphoneos;
				SWIFT_COMPILATION_MODE = wholemodule;
				SWIFT_OPTIMIZATION_LEVEL = "-O";
				VALIDATE_PRODUCT = YES;
			};
			name = Release;
		};
		C85BC74024DA62D300D87CDD /* Debug */ = {
			isa = XCBuildConfiguration;
			buildSettings = {
				ASSETCATALOG_COMPILER_APPICON_NAME = AppIcon;
				CODE_SIGN_STYLE = Automatic;
				DEVELOPMENT_TEAM = SKKJ9P77MV;
				INFOPLIST_FILE = "Corona Now/Info.plist";
				LD_RUNPATH_SEARCH_PATHS = (
					"$(inherited)",
					"@executable_path/Frameworks",
				);
				PRODUCT_BUNDLE_IDENTIFIER = "com.miguelmoya.Corona-Now";
				PRODUCT_NAME = "$(TARGET_NAME)";
				SWIFT_VERSION = 5.0;
				TARGETED_DEVICE_FAMILY = "1,2";
			};
			name = Debug;
		};
		C85BC74124DA62D300D87CDD /* Release */ = {
			isa = XCBuildConfiguration;
			buildSettings = {
				ASSETCATALOG_COMPILER_APPICON_NAME = AppIcon;
				CODE_SIGN_STYLE = Automatic;
				DEVELOPMENT_TEAM = SKKJ9P77MV;
				INFOPLIST_FILE = "Corona Now/Info.plist";
				LD_RUNPATH_SEARCH_PATHS = (
					"$(inherited)",
					"@executable_path/Frameworks",
				);
				PRODUCT_BUNDLE_IDENTIFIER = "com.miguelmoya.Corona-Now";
				PRODUCT_NAME = "$(TARGET_NAME)";
				SWIFT_VERSION = 5.0;
				TARGETED_DEVICE_FAMILY = "1,2";
			};
			name = Release;
		};
/* End XCBuildConfiguration section */

/* Begin XCConfigurationList section */
		C85BC72624DA62D200D87CDD /* Build configuration list for PBXProject "Corona Now" */ = {
			isa = XCConfigurationList;
			buildConfigurations = (
				C85BC73D24DA62D300D87CDD /* Debug */,
				C85BC73E24DA62D300D87CDD /* Release */,
			);
			defaultConfigurationIsVisible = 0;
			defaultConfigurationName = Release;
		};
		C85BC73F24DA62D300D87CDD /* Build configuration list for PBXNativeTarget "Corona Now" */ = {
			isa = XCConfigurationList;
			buildConfigurations = (
				C85BC74024DA62D300D87CDD /* Debug */,
				C85BC74124DA62D300D87CDD /* Release */,
			);
			defaultConfigurationIsVisible = 0;
			defaultConfigurationName = Release;
		};
/* End XCConfigurationList section */
	};
	rootObject = C85BC72324DA62D200D87CDD /* Project object */;
}
